
Microsoft Visual Studio Solution File, Format Version 12.00
# Visual Studio Version 16
VisualStudioVersion = 16.0.29709.97
MinimumVisualStudioVersion = 10.0.40219.1
Project("{FAE04EC0-301F-11D3-BF4B-00C04F79EFBC}") = "ConsoleApp6Part", "ConsoleApp6Part\ConsoleApp6Part.csproj", "{9B16C5BC-A184-494A-9A57-EFD79FE3622F}"
EndProject
Global
	GlobalSection(SolutionConfigurationPlatforms) = preSolution
		Debug|Any CPU = Debug|Any CPU
		Release|Any CPU = Release|Any CPU
	EndGlobalSection
	GlobalSection(ProjectConfigurationPlatforms) = postSolution
		{9B16C5BC-A184-494A-9A57-EFD79FE3622F}.Debug|Any CPU.ActiveCfg = Debug|Any CPU
		{9B16C5BC-A184-494A-9A57-EFD79FE3622F}.Debug|Any CPU.Build.0 = Debug|Any CPU
		{9B16C5BC-A184-494A-9A57-EFD79FE3622F}.Release|Any CPU.ActiveCfg = Release|Any CPU
		{9B16C5BC-A184-494A-9A57-EFD79FE3622F}.Release|Any CPU.Build.0 = Release|Any CPU
	EndGlobalSection
	GlobalSection(SolutionProperties) = preSolution
		HideSolutionNode = FALSE
	EndGlobalSection
	GlobalSection(ExtensibilityGlobals) = postSolution
		SolutionGuid = {7A31EA00-9843-4F5A-8D29-15F60C2AD1BA}
	EndGlobalSection
EndGlobal
