
Microsoft Visual Studio Solution File, Format Version 12.00
# Visual Studio Version 16
VisualStudioVersion = 16.0.29709.97
MinimumVisualStudioVersion = 10.0.40219.1
Project("{FAE04EC0-301F-11D3-BF4B-00C04F79EFBC}") = "OperatorsPractice", "OperatorsPractice\OperatorsPractice.csproj", "{291010F1-AF13-4632-8D54-45CA41087E4E}"
EndProject
Global
	GlobalSection(SolutionConfigurationPlatforms) = preSolution
		Debug|Any CPU = Debug|Any CPU
		Release|Any CPU = Release|Any CPU
	EndGlobalSection
	GlobalSection(ProjectConfigurationPlatforms) = postSolution
		{291010F1-AF13-4632-8D54-45CA41087E4E}.Debug|Any CPU.ActiveCfg = Debug|Any CPU
		{291010F1-AF13-4632-8D54-45CA41087E4E}.Debug|Any CPU.Build.0 = Debug|Any CPU
		{291010F1-AF13-4632-8D54-45CA41087E4E}.Release|Any CPU.ActiveCfg = Release|Any CPU
		{291010F1-AF13-4632-8D54-45CA41087E4E}.Release|Any CPU.Build.0 = Release|Any CPU
	EndGlobalSection
	GlobalSection(SolutionProperties) = preSolution
		HideSolutionNode = FALSE
	EndGlobalSection
	GlobalSection(ExtensibilityGlobals) = postSolution
		SolutionGuid = {22FB900A-793D-4BDE-83D8-DB3C2D7C2080}
	EndGlobalSection
EndGlobal
