
Microsoft Visual Studio Solution File, Format Version 12.00
# Visual Studio Version 16
VisualStudioVersion = 16.0.29709.97
MinimumVisualStudioVersion = 10.0.40219.1
Project("{FAE04EC0-301F-11D3-BF4B-00C04F79EFBC}") = "DateTimePractice", "DateTimePractice\DateTimePractice.csproj", "{4A04233B-7F99-4CAA-9111-49A840658F57}"
EndProject
Global
	GlobalSection(SolutionConfigurationPlatforms) = preSolution
		Debug|Any CPU = Debug|Any CPU
		Release|Any CPU = Release|Any CPU
	EndGlobalSection
	GlobalSection(ProjectConfigurationPlatforms) = postSolution
		{4A04233B-7F99-4CAA-9111-49A840658F57}.Debug|Any CPU.ActiveCfg = Debug|Any CPU
		{4A04233B-7F99-4CAA-9111-49A840658F57}.Debug|Any CPU.Build.0 = Debug|Any CPU
		{4A04233B-7F99-4CAA-9111-49A840658F57}.Release|Any CPU.ActiveCfg = Release|Any CPU
		{4A04233B-7F99-4CAA-9111-49A840658F57}.Release|Any CPU.Build.0 = Release|Any CPU
	EndGlobalSection
	GlobalSection(SolutionProperties) = preSolution
		HideSolutionNode = FALSE
	EndGlobalSection
	GlobalSection(ExtensibilityGlobals) = postSolution
		SolutionGuid = {870C5C32-F4ED-43B2-B2B6-90EA2D5A7966}
	EndGlobalSection
EndGlobal
