
Microsoft Visual Studio Solution File, Format Version 12.00
# Visual Studio Version 16
VisualStudioVersion = 16.0.29709.97
MinimumVisualStudioVersion = 10.0.40219.1
Project("{FAE04EC0-301F-11D3-BF4B-00C04F79EFBC}") = "daily report", "daily report\daily report.csproj", "{34E9AC9C-20DF-457C-8A53-D8B5C64E526D}"
EndProject
Global
	GlobalSection(SolutionConfigurationPlatforms) = preSolution
		Debug|Any CPU = Debug|Any CPU
		Release|Any CPU = Release|Any CPU
	EndGlobalSection
	GlobalSection(ProjectConfigurationPlatforms) = postSolution
		{34E9AC9C-20DF-457C-8A53-D8B5C64E526D}.Debug|Any CPU.ActiveCfg = Debug|Any CPU
		{34E9AC9C-20DF-457C-8A53-D8B5C64E526D}.Debug|Any CPU.Build.0 = Debug|Any CPU
		{34E9AC9C-20DF-457C-8A53-D8B5C64E526D}.Release|Any CPU.ActiveCfg = Release|Any CPU
		{34E9AC9C-20DF-457C-8A53-D8B5C64E526D}.Release|Any CPU.Build.0 = Release|Any CPU
	EndGlobalSection
	GlobalSection(SolutionProperties) = preSolution
		HideSolutionNode = FALSE
	EndGlobalSection
	GlobalSection(ExtensibilityGlobals) = postSolution
		SolutionGuid = {DC931E4A-CA33-4D0E-915E-DD7F56879046}
	EndGlobalSection
EndGlobal
